
Microsoft Visual Studio Solution File, Format Version 12.00
# Visual Studio Version 17
VisualStudioVersion = 17.0.32112.339
MinimumVisualStudioVersion = 10.0.40219.1
Project("{2150E333-8FDC-42A3-9474-1A3956D46DE8}") = "Services", "Services", "{B8039FBF-1BCF-4974-9013-28678A757C4B}"
EndProject
Project("{2150E333-8FDC-42A3-9474-1A3956D46DE8}") = "Catalog", "Catalog", "{0258D023-03DF-4229-B884-44D52FF4F961}"
EndProject
Project("{9A19103F-16F7-4668-BE54-9A1E7A4F7556}") = "Catalog.API", "Services\Catalog\Catalog.API\Catalog.API.csproj", "{F3C0683B-BBF0-4851-BDF9-1597CA394C67}"
EndProject
Project("{E53339B2-1760-4266-BCC7-CA923CBCF16C}") = "docker-compose", "docker-compose.dcproj", "{AB7C90EC-86B1-404F-93FA-4329B47A9025}"
EndProject
Project("{2150E333-8FDC-42A3-9474-1A3956D46DE8}") = "Basket", "Basket", "{9F422FA3-5E07-4A7E-A2DA-04065D23E63F}"
EndProject
Project("{9A19103F-16F7-4668-BE54-9A1E7A4F7556}") = "Basket.API", "Services\Basket\Basket.API\Basket.API.csproj", "{56CC12F2-625F-42DD-8631-77D84411A476}"
EndProject
Project("{2150E333-8FDC-42A3-9474-1A3956D46DE8}") = "Discount", "Discount", "{128FB950-4385-426E-9935-8FEEA5947EDB}"
EndProject
Project("{FAE04EC0-301F-11D3-BF4B-00C04F79EFBC}") = "Discount.API", "Services\Discount\Discount.API\Discount.API.csproj", "{B11802DF-65A4-4BC2-B017-5ABA17B7EE10}"
EndProject
Project("{FAE04EC0-301F-11D3-BF4B-00C04F79EFBC}") = "Discount.Grpc", "Services\Discount\Discount.Grpc\Discount.Grpc.csproj", "{2AFD38E7-42FB-472F-95D5-82997E4D740E}"
EndProject
Global
	GlobalSection(SolutionConfigurationPlatforms) = preSolution
		Debug|Any CPU = Debug|Any CPU
		Release|Any CPU = Release|Any CPU
	EndGlobalSection
	GlobalSection(ProjectConfigurationPlatforms) = postSolution
		{F3C0683B-BBF0-4851-BDF9-1597CA394C67}.Debug|Any CPU.ActiveCfg = Debug|Any CPU
		{F3C0683B-BBF0-4851-BDF9-1597CA394C67}.Debug|Any CPU.Build.0 = Debug|Any CPU
		{F3C0683B-BBF0-4851-BDF9-1597CA394C67}.Release|Any CPU.ActiveCfg = Release|Any CPU
		{F3C0683B-BBF0-4851-BDF9-1597CA394C67}.Release|Any CPU.Build.0 = Release|Any CPU
		{AB7C90EC-86B1-404F-93FA-4329B47A9025}.Debug|Any CPU.ActiveCfg = Debug|Any CPU
		{AB7C90EC-86B1-404F-93FA-4329B47A9025}.Debug|Any CPU.Build.0 = Debug|Any CPU
		{AB7C90EC-86B1-404F-93FA-4329B47A9025}.Release|Any CPU.ActiveCfg = Release|Any CPU
		{AB7C90EC-86B1-404F-93FA-4329B47A9025}.Release|Any CPU.Build.0 = Release|Any CPU
		{56CC12F2-625F-42DD-8631-77D84411A476}.Debug|Any CPU.ActiveCfg = Debug|Any CPU
		{56CC12F2-625F-42DD-8631-77D84411A476}.Debug|Any CPU.Build.0 = Debug|Any CPU
		{56CC12F2-625F-42DD-8631-77D84411A476}.Release|Any CPU.ActiveCfg = Release|Any CPU
		{56CC12F2-625F-42DD-8631-77D84411A476}.Release|Any CPU.Build.0 = Release|Any CPU
		{B11802DF-65A4-4BC2-B017-5ABA17B7EE10}.Debug|Any CPU.ActiveCfg = Debug|Any CPU
		{B11802DF-65A4-4BC2-B017-5ABA17B7EE10}.Debug|Any CPU.Build.0 = Debug|Any CPU
		{B11802DF-65A4-4BC2-B017-5ABA17B7EE10}.Release|Any CPU.ActiveCfg = Release|Any CPU
		{B11802DF-65A4-4BC2-B017-5ABA17B7EE10}.Release|Any CPU.Build.0 = Release|Any CPU
		{2AFD38E7-42FB-472F-95D5-82997E4D740E}.Debug|Any CPU.ActiveCfg = Debug|Any CPU
		{2AFD38E7-42FB-472F-95D5-82997E4D740E}.Debug|Any CPU.Build.0 = Debug|Any CPU
		{2AFD38E7-42FB-472F-95D5-82997E4D740E}.Release|Any CPU.ActiveCfg = Release|Any CPU
		{2AFD38E7-42FB-472F-95D5-82997E4D740E}.Release|Any CPU.Build.0 = Release|Any CPU
	EndGlobalSection
	GlobalSection(SolutionProperties) = preSolution
		HideSolutionNode = FALSE
	EndGlobalSection
	GlobalSection(NestedProjects) = preSolution
		{0258D023-03DF-4229-B884-44D52FF4F961} = {B8039FBF-1BCF-4974-9013-28678A757C4B}
		{F3C0683B-BBF0-4851-BDF9-1597CA394C67} = {0258D023-03DF-4229-B884-44D52FF4F961}
		{9F422FA3-5E07-4A7E-A2DA-04065D23E63F} = {B8039FBF-1BCF-4974-9013-28678A757C4B}
		{56CC12F2-625F-42DD-8631-77D84411A476} = {9F422FA3-5E07-4A7E-A2DA-04065D23E63F}
		{128FB950-4385-426E-9935-8FEEA5947EDB} = {B8039FBF-1BCF-4974-9013-28678A757C4B}
		{B11802DF-65A4-4BC2-B017-5ABA17B7EE10} = {128FB950-4385-426E-9935-8FEEA5947EDB}
		{2AFD38E7-42FB-472F-95D5-82997E4D740E} = {128FB950-4385-426E-9935-8FEEA5947EDB}
	EndGlobalSection
	GlobalSection(ExtensibilityGlobals) = postSolution
		SolutionGuid = {1BA67706-E94E-4227-A990-AD4C98B3EFD9}
	EndGlobalSection
EndGlobal
